{
  "requires": true,
  "lockfileVersion": 1,
  "dependencies": {
    "amazon-quicksight-embedding-sdk": {
      "version": "1.0.3",
      "resolved": "https://registry.npmjs.org/amazon-quicksight-embedding-sdk/-/amazon-quicksight-embedding-sdk-1.0.3.tgz",
      "integrity": "sha512-hA8xikyaIetdkeoXi2HHVMVbV+TjQeey+rTyC3U6GS6LwTBjQHpUFXUPuMlR2AXNOx2G4KJxh8EUQamICk0OZg=="
    }
  }
}
